# Managed by azldev component update. Do not edit manually.
version = 1
import-commit = 'dd263010c0ffc59f1fc690bcd78f7ba0573d9486'
upstream-commit = 'eca156dea642174bcb705705a9c163983416706b'
manual-bump = 2
input-fingerprint = 'sha256:fc832c90ed9447cd70fba78dcdc95352bdbf69ca7e5115d3f096825112ea3a37'
resolution-input-hash = 'sha256:745741676ae4c4572a386c59a7f94b3bd9c1271546603fa883e455713020426a'
